{
  "name": "scrollview-web",
  "lockfileVersion": 3,
  "requires": true,
  "packages": {
    "": {
      "dependencies": {
        "@scribe.js/canvas": "^0.1.97-scribe.4"
      },
      "devDependencies": {
        "@types/node": "^20.11.20"
      }
    },
    "node_modules/@scribe.js/canvas": {
      "version": "0.1.97-scribe.4",
      "resolved": "https://registry.npmjs.org/@scribe.js/canvas/-/canvas-0.1.97-scribe.4.tgz",
      "integrity": "sha512-ZNQyAOn3/b/VjAUErc5ZvoT1ZI9T95XkvLjfq+yenXiAdi1HGBgn1tjYgJXkRro4FgZxsM28SZfyh/U2srUwsA==",
      "license": "MIT",
      "workspaces": [
        "e2e/*"
      ],
      "engines": {
        "node": ">= 10"
      },
      "funding": {
        "type": "github",
        "url": "https://github.com/scribe-js/canvas"
      },
      "optionalDependencies": {
        "@scribe.js/canvas-android-arm64": "0.1.97-scribe.4",
        "@scribe.js/canvas-darwin-arm64": "0.1.97-scribe.4",
        "@scribe.js/canvas-darwin-x64": "0.1.97-scribe.4",
        "@scribe.js/canvas-linux-arm-gnueabihf": "0.1.97-scribe.4",
        "@scribe.js/canvas-linux-arm64-gnu": "0.1.97-scribe.4",
        "@scribe.js/canvas-linux-arm64-musl": "0.1.97-scribe.4",
        "@scribe.js/canvas-linux-riscv64-gnu": "0.1.97-scribe.4",
        "@scribe.js/canvas-linux-x64-gnu": "0.1.97-scribe.4",
        "@scribe.js/canvas-linux-x64-musl": "0.1.97-scribe.4",
        "@scribe.js/canvas-win32-arm64-msvc": "0.1.97-scribe.4",
        "@scribe.js/canvas-win32-x64-msvc": "0.1.97-scribe.4"
      }
    },
    "node_modules/@scribe.js/canvas-android-arm64": {
      "version": "0.1.97-scribe.4",
      "resolved": "https://registry.npmjs.org/@scribe.js/canvas-android-arm64/-/canvas-android-arm64-0.1.97-scribe.4.tgz",
      "integrity": "sha512-m+oRJ/CtbLrwc+kSwtTjjaUFm0Ry9Xq06fkdx2yP9ZH9qt56bYU0SEpSuo/It4ePU7rCeeirEZ9e74lODvq8cw==",
      "cpu": [
        "arm64"
      ],
      "license": "MIT",
      "optional": true,
      "os": [
        "android"
      ],
      "engines": {
        "node": ">= 10"
      },
      "funding": {
        "type": "github",
        "url": "https://github.com/scribe-js/canvas"
      }
    },
    "node_modules/@scribe.js/canvas-darwin-arm64": {
      "version": "0.1.97-scribe.4",
      "resolved": "https://registry.npmjs.org/@scribe.js/canvas-darwin-arm64/-/canvas-darwin-arm64-0.1.97-scribe.4.tgz",
      "integrity": "sha512-VBx+ZrCMe3Ya4f7YmcML180Vf+oZ+SQx7gGL0S/4aDtxwzudo78Mlsx1nSMuYIgIwlQSaRDxeJaqya69SisEpg==",
      "cpu": [
        "arm64"
      ],
      "license": "MIT",
      "optional": true,
      "os": [
        "darwin"
      ],
      "engines": {
        "node": ">= 10"
      },
      "funding": {
        "type": "github",
        "url": "https://github.com/scribe-js/canvas"
      }
    },
    "node_modules/@scribe.js/canvas-darwin-x64": {
      "version": "0.1.97-scribe.4",
      "resolved": "https://registry.npmjs.org/@scribe.js/canvas-darwin-x64/-/canvas-darwin-x64-0.1.97-scribe.4.tgz",
      "integrity": "sha512-qG2qsQXMVKLgApIfog9KpOY1/moM+AMiWECPs02ttyFCTdYuojVOmxHsKecAdqd/G0C5wlEaofoXwyWHAzVbEg==",
      "cpu": [
        "x64"
      ],
      "license": "MIT",
      "optional": true,
      "os": [
        "darwin"
      ],
      "engines": {
        "node": ">= 10"
      },
      "funding": {
        "type": "github",
        "url": "https://github.com/scribe-js/canvas"
      }
    },
    "node_modules/@scribe.js/canvas-linux-arm-gnueabihf": {
      "version": "0.1.97-scribe.4",
      "resolved": "https://registry.npmjs.org/@scribe.js/canvas-linux-arm-gnueabihf/-/canvas-linux-arm-gnueabihf-0.1.97-scribe.4.tgz",
      "integrity": "sha512-GPM50Y4XxzzGXdCU1GQ8QPuJ9HFDLwRHFsfky9KJv20KKvKUnTxg/a2Sbye5wIcoSO5F3Fs/e6jLYNiAXsVn1A==",
      "cpu": [
        "arm"
      ],
      "license": "MIT",
      "optional": true,
      "os": [
        "linux"
      ],
      "engines": {
        "node": ">= 10"
      },
      "funding": {
        "type": "github",
        "url": "https://github.com/scribe-js/canvas"
      }
    },
    "node_modules/@scribe.js/canvas-linux-arm64-gnu": {
      "version": "0.1.97-scribe.4",
      "resolved": "https://registry.npmjs.org/@scribe.js/canvas-linux-arm64-gnu/-/canvas-linux-arm64-gnu-0.1.97-scribe.4.tgz",
      "integrity": "sha512-59bhVoxjF59zno7Fo+4ZDtgLYRO4WMuQkid3TU8whj5WnTQFufb/uQkhsn4QFYS9OBPX8gwAmqG7wk6UELgF7g==",
      "cpu": [
        "arm64"
      ],
      "license": "MIT",
      "optional": true,
      "os": [
        "linux"
      ],
      "engines": {
        "node": ">= 10"
      },
      "funding": {
        "type": "github",
        "url": "https://github.com/scribe-js/canvas"
      }
    },
    "node_modules/@scribe.js/canvas-linux-arm64-musl": {
      "version": "0.1.97-scribe.4",
      "resolved": "https://registry.npmjs.org/@scribe.js/canvas-linux-arm64-musl/-/canvas-linux-arm64-musl-0.1.97-scribe.4.tgz",
      "integrity": "sha512-uiemhW2eMyfCMdOyI1vA/E9Mw4eSMmzB7ha2uo8sws8u7LXg80urQeBjnZ9eMsJKeQtyR2Tawvq7QVLIyPxMdQ==",
      "cpu": [
        "arm64"
      ],
      "license": "MIT",
      "optional": true,
      "os": [
        "linux"
      ],
      "engines": {
        "node": ">= 10"
      },
      "funding": {
        "type": "github",
        "url": "https://github.com/scribe-js/canvas"
      }
    },
    "node_modules/@scribe.js/canvas-linux-riscv64-gnu": {
      "version": "0.1.97-scribe.4",
      "resolved": "https://registry.npmjs.org/@scribe.js/canvas-linux-riscv64-gnu/-/canvas-linux-riscv64-gnu-0.1.97-scribe.4.tgz",
      "integrity": "sha512-dauzdi3ABFqLTPdxM812yA/MsKhrBH0/YUmN7QyFDgXtKP1z0KrU7pjp5FOx7+OWHfX9/tQpoA9gBUMDysZnow==",
      "cpu": [
        "riscv64"
      ],
      "license": "MIT",
      "optional": true,
      "os": [
        "linux"
      ],
      "engines": {
        "node": ">= 10"
      },
      "funding": {
        "type": "github",
        "url": "https://github.com/scribe-js/canvas"
      }
    },
    "node_modules/@scribe.js/canvas-linux-x64-gnu": {
      "version": "0.1.97-scribe.4",
      "resolved": "https://registry.npmjs.org/@scribe.js/canvas-linux-x64-gnu/-/canvas-linux-x64-gnu-0.1.97-scribe.4.tgz",
      "integrity": "sha512-RZQzyvGcclnXtMcByAEewZonFZkeKJT2WLh7AVljjT0rwGdRF3SISpTvGoCTSzndA7xf+yZI8tmhsnATt9A43w==",
      "cpu": [
        "x64"
      ],
      "license": "MIT",
      "optional": true,
      "os": [
        "linux"
      ],
      "engines": {
        "node": ">= 10"
      },
      "funding": {
        "type": "github",
        "url": "https://github.com/scribe-js/canvas"
      }
    },
    "node_modules/@scribe.js/canvas-linux-x64-musl": {
      "version": "0.1.97-scribe.4",
      "resolved": "https://registry.npmjs.org/@scribe.js/canvas-linux-x64-musl/-/canvas-linux-x64-musl-0.1.97-scribe.4.tgz",
      "integrity": "sha512-icahpPNE821mtEXt8uZC+wPco9z/wnwi3bsCi9jFyMuereEoe4NblO33oLiWYemInr2YYtSbJD6SdkVggCAY0w==",
      "cpu": [
        "x64"
      ],
      "license": "MIT",
      "optional": true,
      "os": [
        "linux"
      ],
      "engines": {
        "node": ">= 10"
      },
      "funding": {
        "type": "github",
        "url": "https://github.com/scribe-js/canvas"
      }
    },
    "node_modules/@scribe.js/canvas-win32-arm64-msvc": {
      "version": "0.1.97-scribe.4",
      "resolved": "https://registry.npmjs.org/@scribe.js/canvas-win32-arm64-msvc/-/canvas-win32-arm64-msvc-0.1.97-scribe.4.tgz",
      "integrity": "sha512-0lMMj640DbmJv2VO2WIQ9230lpDufZSn5y2/Z6KyuDl5WhJOV+nXPkTu5NNQI7y0TC3Wbum2JOZEN3os7Gm9Mg==",
      "cpu": [
        "arm64"
      ],
      "license": "MIT",
      "optional": true,
      "os": [
        "win32"
      ],
      "engines": {
        "node": ">= 10"
      },
      "funding": {
        "type": "github",
        "url": "https://github.com/scribe-js/canvas"
      }
    },
    "node_modules/@scribe.js/canvas-win32-x64-msvc": {
      "version": "0.1.97-scribe.4",
      "resolved": "https://registry.npmjs.org/@scribe.js/canvas-win32-x64-msvc/-/canvas-win32-x64-msvc-0.1.97-scribe.4.tgz",
      "integrity": "sha512-OublKtZhO7EA703kJC9V+TzBOpYFbBzBsflLBEXt+ryCP6GFOdgeweGF8KNjRG4hl5tXyfVViYtbCpY+wlj8qw==",
      "cpu": [
        "x64"
      ],
      "license": "MIT",
      "optional": true,
      "os": [
        "win32"
      ],
      "engines": {
        "node": ">= 10"
      },
      "funding": {
        "type": "github",
        "url": "https://github.com/scribe-js/canvas"
      }
    },
    "node_modules/@types/node": {
      "version": "20.11.20",
      "resolved": "https://registry.npmjs.org/@types/node/-/node-20.11.20.tgz",
      "integrity": "sha512-7/rR21OS+fq8IyHTgtLkDK949uzsa6n8BkziAKtPVpugIkO6D+/ooXMvzXxDnZrmtXVfjb1bKQafYpb8s89LOg==",
      "dev": true,
      "dependencies": {
        "undici-types": "~5.26.4"
      }
    },
    "node_modules/undici-types": {
      "version": "5.26.5",
      "resolved": "https://registry.npmjs.org/undici-types/-/undici-types-5.26.5.tgz",
      "integrity": "sha512-JlCMO+ehdEIKqlFxk6IfVoAUVmgz7cU7zD/h9XZ0qzeosSHmUJVOzSQvvYSYWXkFXC+IfLKSIffhv0sVZup6pA==",
      "dev": true
    }
  }
}
